// !$*UTF8*$!
{
	archiveVersion = 1;
	classes = {
	};
	objectVersion = 46;
	objects = {

/* Begin PBXBuildFile section */
		F432F03B1E6EC92300EB33E4 /* main.m in Sources */ = {isa = PBXBuildFile; fileRef = F432F03A1E6EC92300EB33E4 /* main.m */; };
		F432F03E1E6EC92300EB33E4 /* AppDelegate.m in Sources */ = {isa = PBXBuildFile; fileRef = F432F03D1E6EC92300EB33E4 /* AppDelegate.m */; };
		F432F0411E6EC92300EB33E4 /* ViewController.m in Sources */ = {isa = PBXBuildFile; fileRef = F432F0401E6EC92300EB33E4 /* ViewController.m */; };
		F432F0441E6EC92300EB33E4 /* Main.storyboard in Resources */ = {isa = PBXBuildFile; fileRef = F432F0421E6EC92300EB33E4 /* Main.storyboard */; };
		F432F0461E6EC92300EB33E4 /* Assets.xcassets in Resources */ = {isa = PBXBuildFile; fileRef = F432F0451E6EC92300EB33E4 /* Assets.xcassets */; };
		F432F0491E6EC92300EB33E4 /* LaunchScreen.storyboard in Resources */ = {isa = PBXBuildFile; fileRef = F432F0471E6EC92300EB33E4 /* LaunchScreen.storyboard */; };
		F432F0541E6EC92400EB33E4 /* programButtonTests.m in Sources */ = {isa = PBXBuildFile; fileRef = F432F0531E6EC92400EB33E4 /* programButtonTests.m */; };
		F432F05F1E6EC92400EB33E4 /* programButtonUITests.m in Sources */ = {isa = PBXBuildFile; fileRef = F432F05E1E6EC92400EB33E4 /* programButtonUITests.m */; };
/* End PBXBuildFile section */

/* Begin PBXContainerItemProxy section */
		F432F0501E6EC92400EB33E4 /* PBXContainerItemProxy */ = {
			isa = PBXContainerItemProxy;
			containerPortal = F432F02E1E6EC92300EB33E4 /* Project object */;
			proxyType = 1;
			remoteGlobalIDString = F432F0351E6EC92300EB33E4;
			remoteInfo = programButton;
		};
		F432F05B1E6EC92400EB33E4 /* PBXContainerItemProxy */ = {
			isa = PBXContainerItemProxy;
			containerPortal = F432F02E1E6EC92300EB33E4 /* Project object */;
			proxyType = 1;
			remoteGlobalIDString = F432F0351E6EC92300EB33E4;
			remoteInfo = programButton;
		};
/* End PBXContainerItemProxy section */

/* Begin PBXFileReference section */
		F432F0361E6EC92300EB33E4 /* programButton.app */ = {isa = PBXFileReference; explicitFileType = wrapper.application; includeInIndex = 0; path = programButton.app; sourceTree = BUILT_PRODUCTS_DIR; };
		F432F03A1E6EC92300EB33E4 /* main.m */ = {isa = PBXFileReference; lastKnownFileType = sourcecode.c.objc; path = main.m; sourceTree = "<group>"; };
		F432F03C1E6EC92300EB33E4 /* AppDelegate.h */ = {isa = PBXFileReference; lastKnownFileType = sourcecode.c.h; path = AppDelegate.h; sourceTree = "<group>"; };
		F432F03D1E6EC92300EB33E4 /* AppDelegate.m */ = {isa = PBXFileReference; lastKnownFileType = sourcecode.c.objc; path = AppDelegate.m; sourceTree = "<group>"; };
		F432F03F1E6EC92300EB33E4 /* ViewController.h */ = {isa = PBXFileReference; lastKnownFileType = sourcecode.c.h; path = ViewController.h; sourceTree = "<group>"; };
		F432F0401E6EC92300EB33E4 /* ViewController.m */ = {isa = PBXFileReference; lastKnownFileType = sourcecode.c.objc; path = ViewController.m; sourceTree = "<group>"; };
		F432F0431E6EC92300EB33E4 /* Base */ = {isa = PBXFileReference; lastKnownFileType = file.storyboard; name = Base; path = Base.lproj/Main.storyboard; sourceTree = "<group>"; };
		F432F0451E6EC92300EB33E4 /* Assets.xcassets */ = {isa = PBXFileReference; lastKnownFileType = folder.assetcatalog; path = Assets.xcassets; sourceTree = "<group>"; };
		F432F0481E6EC92300EB33E4 /* Base */ = {isa = PBXFileReference; lastKnownFileType = file.storyboard; name = Base; path = Base.lproj/LaunchScreen.storyboard; sourceTree = "<group>"; };
		F432F04A1E6EC92300EB33E4 /* Info.plist */ = {isa = PBXFileReference; lastKnownFileType = text.plist.xml; path = Info.plist; sourceTree = "<group>"; };
		F432F04F1E6EC92400EB33E4 /* programButtonTests.xctest */ = {isa = PBXFileReference; explicitFileType = wrapper.cfbundle; includeInIndex = 0; path = programButtonTests.xctest; sourceTree = BUILT_PRODUCTS_DIR; };
		F432F0531E6EC92400EB33E4 /* programButtonTests.m */ = {isa = PBXFileReference; lastKnownFileType = sourcecode.c.objc; path = programButtonTests.m; sourceTree = "<group>"; };
		F432F0551E6EC92400EB33E4 /* Info.plist */ = {isa = PBXFileReference; lastKnownFileType = text.plist.xml; path = Info.plist; sourceTree = "<group>"; };
		F432F05A1E6EC92400EB33E4 /* programButtonUITests.xctest */ = {isa = PBXFileReference; explicitFileType = wrapper.cfbundle; includeInIndex = 0; path = programButtonUITests.xctest; sourceTree = BUILT_PRODUCTS_DIR; };
		F432F05E1E6EC92400EB33E4 /* programButtonUITests.m */ = {isa = PBXFileReference; lastKnownFileType = sourcecode.c.objc; path = programButtonUITests.m; sourceTree = "<group>"; };
		F432F0601E6EC92400EB33E4 /* Info.plist */ = {isa = PBXFileReference; lastKnownFileType = text.plist.xml; path = Info.plist; sourceTree = "<group>"; };
/* End PBXFileReference section */

/* Begin PBXFrameworksBuildPhase section */
		F432F0331E6EC92300EB33E4 /* Frameworks */ = {
			isa = PBXFrameworksBuildPhase;
			buildActionMask = 2147483647;
			files = (
			);
			runOnlyForDeploymentPostprocessing = 0;
		};
		F432F04C1E6EC92400EB33E4 /* Frameworks */ = {
			isa = PBXFrameworksBuildPhase;
			buildActionMask = 2147483647;
			files = (
			);
			runOnlyForDeploymentPostprocessing = 0;
		};
		F432F0571E6EC92400EB33E4 /* Frameworks */ = {
			isa = PBXFrameworksBuildPhase;
			buildActionMask = 2147483647;
			files = (
			);
			runOnlyForDeploymentPostprocessing = 0;
		};
/* End PBXFrameworksBuildPhase section */

/* Begin PBXGroup section */
		F432F02D1E6EC92300EB33E4 = {
			isa = PBXGroup;
			children = (
				F432F0381E6EC92300EB33E4 /* programButton */,
				F432F0521E6EC92400EB33E4 /* programButtonTests */,
				F432F05D1E6EC92400EB33E4 /* programButtonUITests */,
				F432F0371E6EC92300EB33E4 /* Products */,
			);
			sourceTree = "<group>";
		};
		F432F0371E6EC92300EB33E4 /* Products */ = {
			isa = PBXGroup;
			children = (
				F432F0361E6EC92300EB33E4 /* programButton.app */,
				F432F04F1E6EC92400EB33E4 /* programButtonTests.xctest */,
				F432F05A1E6EC92400EB33E4 /* programButtonUITests.xctest */,
			);
			name = Products;
			sourceTree = "<group>";
		};
		F432F0381E6EC92300EB33E4 /* programButton */ = {
			isa = PBXGroup;
			children = (
				F432F03C1E6EC92300EB33E4 /* AppDelegate.h */,
				F432F03D1E6EC92300EB33E4 /* AppDelegate.m */,
				F432F03F1E6EC92300EB33E4 /* ViewController.h */,
				F432F0401E6EC92300EB33E4 /* ViewController.m */,
				F432F0421E6EC92300EB33E4 /* Main.storyboard */,
				F432F0451E6EC92300EB33E4 /* Assets.xcassets */,
				F432F0471E6EC92300EB33E4 /* LaunchScreen.storyboard */,
				F432F04A1E6EC92300EB33E4 /* Info.plist */,
				F432F0391E6EC92300EB33E4 /* Supporting Files */,
			);
			path = programButton;
			sourceTree = "<group>";
		};
		F432F0391E6EC92300EB33E4 /* Supporting Files */ = {
			isa = PBXGroup;
			children = (
				F432F03A1E6EC92300EB33E4 /* main.m */,
			);
			name = "Supporting Files";
			sourceTree = "<group>";
		};
		F432F0521E6EC92400EB33E4 /* programButtonTests */ = {
			isa = PBXGroup;
			children = (
				F432F0531E6EC92400EB33E4 /* programButtonTests.m */,
				F432F0551E6EC92400EB33E4 /* Info.plist */,
			);
			path = programButtonTests;
			sourceTree = "<group>";
		};
		F432F05D1E6EC92400EB33E4 /* programButtonUITests */ = {
			isa = PBXGroup;
			children = (
				F432F05E1E6EC92400EB33E4 /* programButtonUITests.m */,
				F432F0601E6EC92400EB33E4 /* Info.plist */,
			);
			path = programButtonUITests;
			sourceTree = "<group>";
		};
/* End PBXGroup section */

/* Begin PBXNativeTarget section */
		F432F0351E6EC92300EB33E4 /* programButton */ = {
			isa = PBXNativeTarget;
			buildConfigurationList = F432F0631E6EC92400EB33E4 /* Build configuration list for PBXNativeTarget "programButton" */;
			buildPhases = (
				F432F0321E6EC92300EB33E4 /* Sources */,
				F432F0331E6EC92300EB33E4 /* Frameworks */,
				F432F0341E6EC92300EB33E4 /* Resources */,
			);
			buildRules = (
			);
			dependencies = (
			);
			name = programButton;
			productName = programButton;
			productReference = F432F0361E6EC92300EB33E4 /* programButton.app */;
			productType = "com.apple.product-type.application";
		};
		F432F04E1E6EC92400EB33E4 /* programButtonTests */ = {
			isa = PBXNativeTarget;
			buildConfigurationList = F432F0661E6EC92400EB33E4 /* Build configuration list for PBXNativeTarget "programButtonTests" */;
			buildPhases = (
				F432F04B1E6EC92400EB33E4 /* Sources */,
				F432F04C1E6EC92400EB33E4 /* Frameworks */,
				F432F04D1E6EC92400EB33E4 /* Resources */,
			);
			buildRules = (
			);
			dependencies = (
				F432F0511E6EC92400EB33E4 /* PBXTargetDependency */,
			);
			name = programButtonTests;
			productName = programButtonTests;
			productReference = F432F04F1E6EC92400EB33E4 /* programButtonTests.xctest */;
			productType = "com.apple.product-type.bundle.unit-test";
		};
		F432F0591E6EC92400EB33E4 /* programButtonUITests */ = {
			isa = PBXNativeTarget;
			buildConfigurationList = F432F0691E6EC92400EB33E4 /* Build configuration list for PBXNativeTarget "programButtonUITests" */;
			buildPhases = (
				F432F0561E6EC92400EB33E4 /* Sources */,
				F432F0571E6EC92400EB33E4 /* Frameworks */,
				F432F0581E6EC92400EB33E4 /* Resources */,
			);
			buildRules = (
			);
			dependencies = (
				F432F05C1E6EC92400EB33E4 /* PBXTargetDependency */,
			);
			name = programButtonUITests;
			productName = programButtonUITests;
			productReference = F432F05A1E6EC92400EB33E4 /* programButtonUITests.xctest */;
			productType = "com.apple.product-type.bundle.ui-testing";
		};
/* End PBXNativeTarget section */

/* Begin PBXProject section */
		F432F02E1E6EC92300EB33E4 /* Project object */ = {
			isa = PBXProject;
			attributes = {
				LastUpgradeCheck = 0830;
				ORGANIZATIONNAME = Kalpesh;
				TargetAttributes = {
					F432F0351E6EC92300EB33E4 = {
						CreatedOnToolsVersion = 8.3;
						ProvisioningStyle = Automatic;
					};
					F432F04E1E6EC92400EB33E4 = {
						CreatedOnToolsVersion = 8.3;
						ProvisioningStyle = Automatic;
						TestTargetID = F432F0351E6EC92300EB33E4;
					};
					F432F0591E6EC92400EB33E4 = {
						CreatedOnToolsVersion = 8.3;
						ProvisioningStyle = Automatic;
						TestTargetID = F432F0351E6EC92300EB33E4;
					};
				};
			};
			buildConfigurationList = F432F0311E6EC92300EB33E4 /* Build configuration list for PBXProject "programButton" */;
			compatibilityVersion = "Xcode 3.2";
			developmentRegion = English;
			hasScannedForEncodings = 0;
			knownRegions = (
				en,
				Base,
			);
			mainGroup = F432F02D1E6EC92300EB33E4;
			productRefGroup = F432F0371E6EC92300EB33E4 /* Products */;
			projectDirPath = "";
			projectRoot = "";
			targets = (
				F432F0351E6EC92300EB33E4 /* programButton */,
				F432F04E1E6EC92400EB33E4 /* programButtonTests */,
				F432F0591E6EC92400EB33E4 /* programButtonUITests */,
			);
		};
/* End PBXProject section */

/* Begin PBXResourcesBuildPhase section */
		F432F0341E6EC92300EB33E4 /* Resources */ = {
			isa = PBXResourcesBuildPhase;
			buildActionMask = 2147483647;
			files = (
				F432F0491E6EC92300EB33E4 /* LaunchScreen.storyboard in Resources */,
				F432F0461E6EC92300EB33E4 /* Assets.xcassets in Resources */,
				F432F0441E6EC92300EB33E4 /* Main.storyboard in Resources */,
			);
			runOnlyForDeploymentPostprocessing = 0;
		};
		F432F04D1E6EC92400EB33E4 /* Resources */ = {
			isa = PBXResourcesBuildPhase;
			buildActionMask = 2147483647;
			files = (
			);
			runOnlyForDeploymentPostprocessing = 0;
		};
		F432F0581E6EC92400EB33E4 /* Resources */ = {
			isa = PBXResourcesBuildPhase;
			buildActionMask = 2147483647;
			files = (
			);
			runOnlyForDeploymentPostprocessing = 0;
		};
/* End PBXResourcesBuildPhase section */

/* Begin PBXSourcesBuildPhase section */
		F432F0321E6EC92300EB33E4 /* Sources */ = {
			isa = PBXSourcesBuildPhase;
			buildActionMask = 2147483647;
			files = (
				F432F0411E6EC92300EB33E4 /* ViewController.m in Sources */,
				F432F03E1E6EC92300EB33E4 /* AppDelegate.m in Sources */,
				F432F03B1E6EC92300EB33E4 /* main.m in Sources */,
			);
			runOnlyForDeploymentPostprocessing = 0;
		};
		F432F04B1E6EC92400EB33E4 /* Sources */ = {
			isa = PBXSourcesBuildPhase;
			buildActionMask = 2147483647;
			files = (
				F432F0541E6EC92400EB33E4 /* programButtonTests.m in Sources */,
			);
			runOnlyForDeploymentPostprocessing = 0;
		};
		F432F0561E6EC92400EB33E4 /* Sources */ = {
			isa = PBXSourcesBuildPhase;
			buildActionMask = 2147483647;
			files = (
				F432F05F1E6EC92400EB33E4 /* programButtonUITests.m in Sources */,
			);
			runOnlyForDeploymentPostprocessing = 0;
		};
/* End PBXSourcesBuildPhase section */

/* Begin PBXTargetDependency section */
		F432F0511E6EC92400EB33E4 /* PBXTargetDependency */ = {
			isa = PBXTargetDependency;
			target = F432F0351E6EC92300EB33E4 /* programButton */;
			targetProxy = F432F0501E6EC92400EB33E4 /* PBXContainerItemProxy */;
		};
		F432F05C1E6EC92400EB33E4 /* PBXTargetDependency */ = {
			isa = PBXTargetDependency;
			target = F432F0351E6EC92300EB33E4 /* programButton */;
			targetProxy = F432F05B1E6EC92400EB33E4 /* PBXContainerItemProxy */;
		};
/* End PBXTargetDependency section */

/* Begin PBXVariantGroup section */
		F432F0421E6EC92300EB33E4 /* Main.storyboard */ = {
			isa = PBXVariantGroup;
			children = (
				F432F0431E6EC92300EB33E4 /* Base */,
			);
			name = Main.storyboard;
			sourceTree = "<group>";
		};
		F432F0471E6EC92300EB33E4 /* LaunchScreen.storyboard */ = {
			isa = PBXVariantGroup;
			children = (
				F432F0481E6EC92300EB33E4 /* Base */,
			);
			name = LaunchScreen.storyboard;
			sourceTree = "<group>";
		};
/* End PBXVariantGroup section */

/* Begin XCBuildConfiguration section */
		F432F0611E6EC92400EB33E4 /* Debug */ = {
			isa = XCBuildConfiguration;
			buildSettings = {
				ALWAYS_SEARCH_USER_PATHS = NO;
				CLANG_ANALYZER_NONNULL = YES;
				CLANG_ANALYZER_NUMBER_OBJECT_CONVERSION = YES_AGGRESSIVE;
				CLANG_CXX_LANGUAGE_STANDARD = "gnu++0x";
				CLANG_CXX_LIBRARY = "libc++";
				CLANG_ENABLE_MODULES = YES;
				CLANG_ENABLE_OBJC_ARC = YES;
				CLANG_WARN_BOOL_CONVERSION = YES;
				CLANG_WARN_CONSTANT_CONVERSION = YES;
				CLANG_WARN_DIRECT_OBJC_ISA_USAGE = YES_ERROR;
				CLANG_WARN_DOCUMENTATION_COMMENTS = YES;
				CLANG_WARN_EMPTY_BODY = YES;
				CLANG_WARN_ENUM_CONVERSION = YES;
				CLANG_WARN_INFINITE_RECURSION = YES;
				CLANG_WARN_INT_CONVERSION = YES;
				CLANG_WARN_OBJC_ROOT_CLASS = YES_ERROR;
				CLANG_WARN_SUSPICIOUS_MOVE = YES;
				CLANG_WARN_UNREACHABLE_CODE = YES;
				CLANG_WARN__DUPLICATE_METHOD_MATCH = YES;
				"CODE_SIGN_IDENTITY[sdk=iphoneos*]" = "iPhone Developer";
				COPY_PHASE_STRIP = NO;
				DEBUG_INFORMATION_FORMAT = dwarf;
				ENABLE_STRICT_OBJC_MSGSEND = YES;
				ENABLE_TESTABILITY = YES;
				GCC_C_LANGUAGE_STANDARD = gnu99;
				GCC_DYNAMIC_NO_PIC = NO;
				GCC_NO_COMMON_BLOCKS = YES;
				GCC_OPTIMIZATION_LEVEL = 0;
				GCC_PREPROCESSOR_DEFINITIONS = (
					"DEBUG=1",
					"$(inherited)",
				);
				GCC_WARN_64_TO_32_BIT_CONVERSION = YES;
				GCC_WARN_ABOUT_RETURN_TYPE = YES_ERROR;
				GCC_WARN_UNDECLARED_SELECTOR = YES;
				GCC_WARN_UNINITIALIZED_AUTOS = YES_AGGRESSIVE;
				GCC_WARN_UNUSED_FUNCTION = YES;
				GCC_WARN_UNUSED_VARIABLE = YES;
				IPHONEOS_DEPLOYMENT_TARGET = 10.3;
				MTL_ENABLE_DEBUG_INFO = YES;
				ONLY_ACTIVE_ARCH = YES;
				SDKROOT = iphoneos;
				TARGETED_DEVICE_FAMILY = "1,2";
			};
			name = Debug;
		};
		F432F0621E6EC92400EB33E4 /* Release */ = {
			isa = XCBuildConfiguration;
			buildSettings = {
				ALWAYS_SEARCH_USER_PATHS = NO;
				CLANG_ANALYZER_NONNULL = YES;
				CLANG_ANALYZER_NUMBER_OBJECT_CONVERSION = YES_AGGRESSIVE;
				CLANG_CXX_LANGUAGE_STANDARD = "gnu++0x";
				CLANG_CXX_LIBRARY = "libc++";
				CLANG_ENABLE_MODULES = YES;
				CLANG_ENABLE_OBJC_ARC = YES;
				CLANG_WARN_BOOL_CONVERSION = YES;
				CLANG_WARN_CONSTANT_CONVERSION = YES;
				CLANG_WARN_DIRECT_OBJC_ISA_USAGE = YES_ERROR;
				CLANG_WARN_DOCUMENTATION_COMMENTS = YES;
				CLANG_WARN_EMPTY_BODY = YES;
				CLANG_WARN_ENUM_CONVERSION = YES;
				CLANG_WARN_INFINITE_RECURSION = YES;
				CLANG_WARN_INT_CONVERSION = YES;
				CLANG_WARN_OBJC_ROOT_CLASS = YES_ERROR;
				CLANG_WARN_SUSPICIOUS_MOVE = YES;
				CLANG_WARN_UNREACHABLE_CODE = YES;
				CLANG_WARN__DUPLICATE_METHOD_MATCH = YES;
				"CODE_SIGN_IDENTITY[sdk=iphoneos*]" = "iPhone Developer";
				COPY_PHASE_STRIP = NO;
				DEBUG_INFORMATION_FORMAT = "dwarf-with-dsym";
				ENABLE_NS_ASSERTIONS = NO;
				ENABLE_STRICT_OBJC_MSGSEND = YES;
				GCC_C_LANGUAGE_STANDARD = gnu99;
				GCC_NO_COMMON_BLOCKS = YES;
				GCC_WARN_64_TO_32_BIT_CONVERSION = YES;
				GCC_WARN_ABOUT_RETURN_TYPE = YES_ERROR;
				GCC_WARN_UNDECLARED_SELECTOR = YES;
				GCC_WARN_UNINITIALIZED_AUTOS = YES_AGGRESSIVE;
				GCC_WARN_UNUSED_FUNCTION = YES;
				GCC_WARN_UNUSED_VARIABLE = YES;
				IPHONEOS_DEPLOYMENT_TARGET = 10.3;
				MTL_ENABLE_DEBUG_INFO = NO;
				SDKROOT = iphoneos;
				TARGETED_DEVICE_FAMILY = "1,2";
				VALIDATE_PRODUCT = YES;
			};
			name = Release;
		};
		F432F0641E6EC92400EB33E4 /* Debug */ = {
			isa = XCBuildConfiguration;
			buildSettings = {
				ASSETCATALOG_COMPILER_APPICON_NAME = AppIcon;
				INFOPLIST_FILE = programButton/Info.plist;
				LD_RUNPATH_SEARCH_PATHS = "$(inherited) @executable_path/Frameworks";
				PRODUCT_BUNDLE_IDENTIFIER = edu.self.programButton;
				PRODUCT_NAME = "$(TARGET_NAME)";
			};
			name = Debug;
		};
		F432F0651E6EC92400EB33E4 /* Release */ = {
			isa = XCBuildConfiguration;
			buildSettings = {
				ASSETCATALOG_COMPILER_APPICON_NAME = AppIcon;
				INFOPLIST_FILE = programButton/Info.plist;
				LD_RUNPATH_SEARCH_PATHS = "$(inherited) @executable_path/Frameworks";
				PRODUCT_BUNDLE_IDENTIFIER = edu.self.programButton;
				PRODUCT_NAME = "$(TARGET_NAME)";
			};
			name = Release;
		};
		F432F0671E6EC92400EB33E4 /* Debug */ = {
			isa = XCBuildConfiguration;
			buildSettings = {
				BUNDLE_LOADER = "$(TEST_HOST)";
				INFOPLIST_FILE = programButtonTests/Info.plist;
				LD_RUNPATH_SEARCH_PATHS = "$(inherited) @executable_path/Frameworks @loader_path/Frameworks";
				PRODUCT_BUNDLE_IDENTIFIER = edu.self.programButtonTests;
				PRODUCT_NAME = "$(TARGET_NAME)";
				TEST_HOST = "$(BUILT_PRODUCTS_DIR)/programButton.app/programButton";
			};
			name = Debug;
		};
		F432F0681E6EC92400EB33E4 /* Release */ = {
			isa = XCBuildConfiguration;
			buildSettings = {
				BUNDLE_LOADER = "$(TEST_HOST)";
				INFOPLIST_FILE = programButtonTests/Info.plist;
				LD_RUNPATH_SEARCH_PATHS = "$(inherited) @executable_path/Frameworks @loader_path/Frameworks";
				PRODUCT_BUNDLE_IDENTIFIER = edu.self.programButtonTests;
				PRODUCT_NAME = "$(TARGET_NAME)";
				TEST_HOST = "$(BUILT_PRODUCTS_DIR)/programButton.app/programButton";
			};
			name = Release;
		};
		F432F06A1E6EC92400EB33E4 /* Debug */ = {
			isa = XCBuildConfiguration;
			buildSettings = {
				INFOPLIST_FILE = programButtonUITests/Info.plist;
				LD_RUNPATH_SEARCH_PATHS = "$(inherited) @executable_path/Frameworks @loader_path/Frameworks";
				PRODUCT_BUNDLE_IDENTIFIER = edu.self.programButtonUITests;
				PRODUCT_NAME = "$(TARGET_NAME)";
				TEST_TARGET_NAME = programButton;
			};
			name = Debug;
		};
		F432F06B1E6EC92400EB33E4 /* Release */ = {
			isa = XCBuildConfiguration;
			buildSettings = {
				INFOPLIST_FILE = programButtonUITests/Info.plist;
				LD_RUNPATH_SEARCH_PATHS = "$(inherited) @executable_path/Frameworks @loader_path/Frameworks";
				PRODUCT_BUNDLE_IDENTIFIER = edu.self.programButtonUITests;
				PRODUCT_NAME = "$(TARGET_NAME)";
				TEST_TARGET_NAME = programButton;
			};
			name = Release;
		};
/* End XCBuildConfiguration section */

/* Begin XCConfigurationList section */
		F432F0311E6EC92300EB33E4 /* Build configuration list for PBXProject "programButton" */ = {
			isa = XCConfigurationList;
			buildConfigurations = (
				F432F0611E6EC92400EB33E4 /* Debug */,
				F432F0621E6EC92400EB33E4 /* Release */,
			);
			defaultConfigurationIsVisible = 0;
			defaultConfigurationName = Release;
		};
		F432F0631E6EC92400EB33E4 /* Build configuration list for PBXNativeTarget "programButton" */ = {
			isa = XCConfigurationList;
			buildConfigurations = (
				F432F0641E6EC92400EB33E4 /* Debug */,
				F432F0651E6EC92400EB33E4 /* Release */,
			);
			defaultConfigurationIsVisible = 0;
		};
		F432F0661E6EC92400EB33E4 /* Build configuration list for PBXNativeTarget "programButtonTests" */ = {
			isa = XCConfigurationList;
			buildConfigurations = (
				F432F0671E6EC92400EB33E4 /* Debug */,
				F432F0681E6EC92400EB33E4 /* Release */,
			);
			defaultConfigurationIsVisible = 0;
		};
		F432F0691E6EC92400EB33E4 /* Build configuration list for PBXNativeTarget "programButtonUITests" */ = {
			isa = XCConfigurationList;
			buildConfigurations = (
				F432F06A1E6EC92400EB33E4 /* Debug */,
				F432F06B1E6EC92400EB33E4 /* Release */,
			);
			defaultConfigurationIsVisible = 0;
		};
/* End XCConfigurationList section */
	};
	rootObject = F432F02E1E6EC92300EB33E4 /* Project object */;
}
