// !$*UTF8*$!
{
	archiveVersion = 1;
	classes = {
	};
	objectVersion = 46;
	objects = {

/* Begin PBXBuildFile section */
		F40D4C7D1E703177005568B0 /* main.m in Sources */ = {isa = PBXBuildFile; fileRef = F40D4C7C1E703177005568B0 /* main.m */; };
		F40D4C801E703177005568B0 /* AppDelegate.m in Sources */ = {isa = PBXBuildFile; fileRef = F40D4C7F1E703177005568B0 /* AppDelegate.m */; };
		F40D4C831E703177005568B0 /* ViewController.m in Sources */ = {isa = PBXBuildFile; fileRef = F40D4C821E703177005568B0 /* ViewController.m */; };
		F40D4C861E703177005568B0 /* Main.storyboard in Resources */ = {isa = PBXBuildFile; fileRef = F40D4C841E703177005568B0 /* Main.storyboard */; };
		F40D4C881E703177005568B0 /* Assets.xcassets in Resources */ = {isa = PBXBuildFile; fileRef = F40D4C871E703177005568B0 /* Assets.xcassets */; };
		F40D4C8B1E703177005568B0 /* LaunchScreen.storyboard in Resources */ = {isa = PBXBuildFile; fileRef = F40D4C891E703177005568B0 /* LaunchScreen.storyboard */; };
		F40D4C961E703177005568B0 /* CalculatorTests.m in Sources */ = {isa = PBXBuildFile; fileRef = F40D4C951E703177005568B0 /* CalculatorTests.m */; };
		F40D4CA11E703177005568B0 /* CalculatorUITests.m in Sources */ = {isa = PBXBuildFile; fileRef = F40D4CA01E703177005568B0 /* CalculatorUITests.m */; };
/* End PBXBuildFile section */

/* Begin PBXContainerItemProxy section */
		F40D4C921E703177005568B0 /* PBXContainerItemProxy */ = {
			isa = PBXContainerItemProxy;
			containerPortal = F40D4C701E703177005568B0 /* Project object */;
			proxyType = 1;
			remoteGlobalIDString = F40D4C771E703177005568B0;
			remoteInfo = Calculator;
		};
		F40D4C9D1E703177005568B0 /* PBXContainerItemProxy */ = {
			isa = PBXContainerItemProxy;
			containerPortal = F40D4C701E703177005568B0 /* Project object */;
			proxyType = 1;
			remoteGlobalIDString = F40D4C771E703177005568B0;
			remoteInfo = Calculator;
		};
/* End PBXContainerItemProxy section */

/* Begin PBXFileReference section */
		F40D4C781E703177005568B0 /* Calculator.app */ = {isa = PBXFileReference; explicitFileType = wrapper.application; includeInIndex = 0; path = Calculator.app; sourceTree = BUILT_PRODUCTS_DIR; };
		F40D4C7C1E703177005568B0 /* main.m */ = {isa = PBXFileReference; lastKnownFileType = sourcecode.c.objc; path = main.m; sourceTree = "<group>"; };
		F40D4C7E1E703177005568B0 /* AppDelegate.h */ = {isa = PBXFileReference; lastKnownFileType = sourcecode.c.h; path = AppDelegate.h; sourceTree = "<group>"; };
		F40D4C7F1E703177005568B0 /* AppDelegate.m */ = {isa = PBXFileReference; lastKnownFileType = sourcecode.c.objc; path = AppDelegate.m; sourceTree = "<group>"; };
		F40D4C811E703177005568B0 /* ViewController.h */ = {isa = PBXFileReference; lastKnownFileType = sourcecode.c.h; path = ViewController.h; sourceTree = "<group>"; };
		F40D4C821E703177005568B0 /* ViewController.m */ = {isa = PBXFileReference; lastKnownFileType = sourcecode.c.objc; path = ViewController.m; sourceTree = "<group>"; };
		F40D4C851E703177005568B0 /* Base */ = {isa = PBXFileReference; lastKnownFileType = file.storyboard; name = Base; path = Base.lproj/Main.storyboard; sourceTree = "<group>"; };
		F40D4C871E703177005568B0 /* Assets.xcassets */ = {isa = PBXFileReference; lastKnownFileType = folder.assetcatalog; path = Assets.xcassets; sourceTree = "<group>"; };
		F40D4C8A1E703177005568B0 /* Base */ = {isa = PBXFileReference; lastKnownFileType = file.storyboard; name = Base; path = Base.lproj/LaunchScreen.storyboard; sourceTree = "<group>"; };
		F40D4C8C1E703177005568B0 /* Info.plist */ = {isa = PBXFileReference; lastKnownFileType = text.plist.xml; path = Info.plist; sourceTree = "<group>"; };
		F40D4C911E703177005568B0 /* CalculatorTests.xctest */ = {isa = PBXFileReference; explicitFileType = wrapper.cfbundle; includeInIndex = 0; path = CalculatorTests.xctest; sourceTree = BUILT_PRODUCTS_DIR; };
		F40D4C951E703177005568B0 /* CalculatorTests.m */ = {isa = PBXFileReference; lastKnownFileType = sourcecode.c.objc; path = CalculatorTests.m; sourceTree = "<group>"; };
		F40D4C971E703177005568B0 /* Info.plist */ = {isa = PBXFileReference; lastKnownFileType = text.plist.xml; path = Info.plist; sourceTree = "<group>"; };
		F40D4C9C1E703177005568B0 /* CalculatorUITests.xctest */ = {isa = PBXFileReference; explicitFileType = wrapper.cfbundle; includeInIndex = 0; path = CalculatorUITests.xctest; sourceTree = BUILT_PRODUCTS_DIR; };
		F40D4CA01E703177005568B0 /* CalculatorUITests.m */ = {isa = PBXFileReference; lastKnownFileType = sourcecode.c.objc; path = CalculatorUITests.m; sourceTree = "<group>"; };
		F40D4CA21E703177005568B0 /* Info.plist */ = {isa = PBXFileReference; lastKnownFileType = text.plist.xml; path = Info.plist; sourceTree = "<group>"; };
/* End PBXFileReference section */

/* Begin PBXFrameworksBuildPhase section */
		F40D4C751E703177005568B0 /* Frameworks */ = {
			isa = PBXFrameworksBuildPhase;
			buildActionMask = 2147483647;
			files = (
			);
			runOnlyForDeploymentPostprocessing = 0;
		};
		F40D4C8E1E703177005568B0 /* Frameworks */ = {
			isa = PBXFrameworksBuildPhase;
			buildActionMask = 2147483647;
			files = (
			);
			runOnlyForDeploymentPostprocessing = 0;
		};
		F40D4C991E703177005568B0 /* Frameworks */ = {
			isa = PBXFrameworksBuildPhase;
			buildActionMask = 2147483647;
			files = (
			);
			runOnlyForDeploymentPostprocessing = 0;
		};
/* End PBXFrameworksBuildPhase section */

/* Begin PBXGroup section */
		F40D4C6F1E703177005568B0 = {
			isa = PBXGroup;
			children = (
				F40D4C7A1E703177005568B0 /* Calculator */,
				F40D4C941E703177005568B0 /* CalculatorTests */,
				F40D4C9F1E703177005568B0 /* CalculatorUITests */,
				F40D4C791E703177005568B0 /* Products */,
			);
			sourceTree = "<group>";
		};
		F40D4C791E703177005568B0 /* Products */ = {
			isa = PBXGroup;
			children = (
				F40D4C781E703177005568B0 /* Calculator.app */,
				F40D4C911E703177005568B0 /* CalculatorTests.xctest */,
				F40D4C9C1E703177005568B0 /* CalculatorUITests.xctest */,
			);
			name = Products;
			sourceTree = "<group>";
		};
		F40D4C7A1E703177005568B0 /* Calculator */ = {
			isa = PBXGroup;
			children = (
				F40D4C7E1E703177005568B0 /* AppDelegate.h */,
				F40D4C7F1E703177005568B0 /* AppDelegate.m */,
				F40D4C811E703177005568B0 /* ViewController.h */,
				F40D4C821E703177005568B0 /* ViewController.m */,
				F40D4C841E703177005568B0 /* Main.storyboard */,
				F40D4C871E703177005568B0 /* Assets.xcassets */,
				F40D4C891E703177005568B0 /* LaunchScreen.storyboard */,
				F40D4C8C1E703177005568B0 /* Info.plist */,
				F40D4C7B1E703177005568B0 /* Supporting Files */,
			);
			path = Calculator;
			sourceTree = "<group>";
		};
		F40D4C7B1E703177005568B0 /* Supporting Files */ = {
			isa = PBXGroup;
			children = (
				F40D4C7C1E703177005568B0 /* main.m */,
			);
			name = "Supporting Files";
			sourceTree = "<group>";
		};
		F40D4C941E703177005568B0 /* CalculatorTests */ = {
			isa = PBXGroup;
			children = (
				F40D4C951E703177005568B0 /* CalculatorTests.m */,
				F40D4C971E703177005568B0 /* Info.plist */,
			);
			path = CalculatorTests;
			sourceTree = "<group>";
		};
		F40D4C9F1E703177005568B0 /* CalculatorUITests */ = {
			isa = PBXGroup;
			children = (
				F40D4CA01E703177005568B0 /* CalculatorUITests.m */,
				F40D4CA21E703177005568B0 /* Info.plist */,
			);
			path = CalculatorUITests;
			sourceTree = "<group>";
		};
/* End PBXGroup section */

/* Begin PBXNativeTarget section */
		F40D4C771E703177005568B0 /* Calculator */ = {
			isa = PBXNativeTarget;
			buildConfigurationList = F40D4CA51E703177005568B0 /* Build configuration list for PBXNativeTarget "Calculator" */;
			buildPhases = (
				F40D4C741E703177005568B0 /* Sources */,
				F40D4C751E703177005568B0 /* Frameworks */,
				F40D4C761E703177005568B0 /* Resources */,
			);
			buildRules = (
			);
			dependencies = (
			);
			name = Calculator;
			productName = Calculator;
			productReference = F40D4C781E703177005568B0 /* Calculator.app */;
			productType = "com.apple.product-type.application";
		};
		F40D4C901E703177005568B0 /* CalculatorTests */ = {
			isa = PBXNativeTarget;
			buildConfigurationList = F40D4CA81E703177005568B0 /* Build configuration list for PBXNativeTarget "CalculatorTests" */;
			buildPhases = (
				F40D4C8D1E703177005568B0 /* Sources */,
				F40D4C8E1E703177005568B0 /* Frameworks */,
				F40D4C8F1E703177005568B0 /* Resources */,
			);
			buildRules = (
			);
			dependencies = (
				F40D4C931E703177005568B0 /* PBXTargetDependency */,
			);
			name = CalculatorTests;
			productName = CalculatorTests;
			productReference = F40D4C911E703177005568B0 /* CalculatorTests.xctest */;
			productType = "com.apple.product-type.bundle.unit-test";
		};
		F40D4C9B1E703177005568B0 /* CalculatorUITests */ = {
			isa = PBXNativeTarget;
			buildConfigurationList = F40D4CAB1E703177005568B0 /* Build configuration list for PBXNativeTarget "CalculatorUITests" */;
			buildPhases = (
				F40D4C981E703177005568B0 /* Sources */,
				F40D4C991E703177005568B0 /* Frameworks */,
				F40D4C9A1E703177005568B0 /* Resources */,
			);
			buildRules = (
			);
			dependencies = (
				F40D4C9E1E703177005568B0 /* PBXTargetDependency */,
			);
			name = CalculatorUITests;
			productName = CalculatorUITests;
			productReference = F40D4C9C1E703177005568B0 /* CalculatorUITests.xctest */;
			productType = "com.apple.product-type.bundle.ui-testing";
		};
/* End PBXNativeTarget section */

/* Begin PBXProject section */
		F40D4C701E703177005568B0 /* Project object */ = {
			isa = PBXProject;
			attributes = {
				LastUpgradeCheck = 0830;
				ORGANIZATIONNAME = Kalpesh;
				TargetAttributes = {
					F40D4C771E703177005568B0 = {
						CreatedOnToolsVersion = 8.3;
						ProvisioningStyle = Automatic;
					};
					F40D4C901E703177005568B0 = {
						CreatedOnToolsVersion = 8.3;
						ProvisioningStyle = Automatic;
						TestTargetID = F40D4C771E703177005568B0;
					};
					F40D4C9B1E703177005568B0 = {
						CreatedOnToolsVersion = 8.3;
						ProvisioningStyle = Automatic;
						TestTargetID = F40D4C771E703177005568B0;
					};
				};
			};
			buildConfigurationList = F40D4C731E703177005568B0 /* Build configuration list for PBXProject "Calculator" */;
			compatibilityVersion = "Xcode 3.2";
			developmentRegion = English;
			hasScannedForEncodings = 0;
			knownRegions = (
				en,
				Base,
			);
			mainGroup = F40D4C6F1E703177005568B0;
			productRefGroup = F40D4C791E703177005568B0 /* Products */;
			projectDirPath = "";
			projectRoot = "";
			targets = (
				F40D4C771E703177005568B0 /* Calculator */,
				F40D4C901E703177005568B0 /* CalculatorTests */,
				F40D4C9B1E703177005568B0 /* CalculatorUITests */,
			);
		};
/* End PBXProject section */

/* Begin PBXResourcesBuildPhase section */
		F40D4C761E703177005568B0 /* Resources */ = {
			isa = PBXResourcesBuildPhase;
			buildActionMask = 2147483647;
			files = (
				F40D4C8B1E703177005568B0 /* LaunchScreen.storyboard in Resources */,
				F40D4C881E703177005568B0 /* Assets.xcassets in Resources */,
				F40D4C861E703177005568B0 /* Main.storyboard in Resources */,
			);
			runOnlyForDeploymentPostprocessing = 0;
		};
		F40D4C8F1E703177005568B0 /* Resources */ = {
			isa = PBXResourcesBuildPhase;
			buildActionMask = 2147483647;
			files = (
			);
			runOnlyForDeploymentPostprocessing = 0;
		};
		F40D4C9A1E703177005568B0 /* Resources */ = {
			isa = PBXResourcesBuildPhase;
			buildActionMask = 2147483647;
			files = (
			);
			runOnlyForDeploymentPostprocessing = 0;
		};
/* End PBXResourcesBuildPhase section */

/* Begin PBXSourcesBuildPhase section */
		F40D4C741E703177005568B0 /* Sources */ = {
			isa = PBXSourcesBuildPhase;
			buildActionMask = 2147483647;
			files = (
				F40D4C831E703177005568B0 /* ViewController.m in Sources */,
				F40D4C801E703177005568B0 /* AppDelegate.m in Sources */,
				F40D4C7D1E703177005568B0 /* main.m in Sources */,
			);
			runOnlyForDeploymentPostprocessing = 0;
		};
		F40D4C8D1E703177005568B0 /* Sources */ = {
			isa = PBXSourcesBuildPhase;
			buildActionMask = 2147483647;
			files = (
				F40D4C961E703177005568B0 /* CalculatorTests.m in Sources */,
			);
			runOnlyForDeploymentPostprocessing = 0;
		};
		F40D4C981E703177005568B0 /* Sources */ = {
			isa = PBXSourcesBuildPhase;
			buildActionMask = 2147483647;
			files = (
				F40D4CA11E703177005568B0 /* CalculatorUITests.m in Sources */,
			);
			runOnlyForDeploymentPostprocessing = 0;
		};
/* End PBXSourcesBuildPhase section */

/* Begin PBXTargetDependency section */
		F40D4C931E703177005568B0 /* PBXTargetDependency */ = {
			isa = PBXTargetDependency;
			target = F40D4C771E703177005568B0 /* Calculator */;
			targetProxy = F40D4C921E703177005568B0 /* PBXContainerItemProxy */;
		};
		F40D4C9E1E703177005568B0 /* PBXTargetDependency */ = {
			isa = PBXTargetDependency;
			target = F40D4C771E703177005568B0 /* Calculator */;
			targetProxy = F40D4C9D1E703177005568B0 /* PBXContainerItemProxy */;
		};
/* End PBXTargetDependency section */

/* Begin PBXVariantGroup section */
		F40D4C841E703177005568B0 /* Main.storyboard */ = {
			isa = PBXVariantGroup;
			children = (
				F40D4C851E703177005568B0 /* Base */,
			);
			name = Main.storyboard;
			sourceTree = "<group>";
		};
		F40D4C891E703177005568B0 /* LaunchScreen.storyboard */ = {
			isa = PBXVariantGroup;
			children = (
				F40D4C8A1E703177005568B0 /* Base */,
			);
			name = LaunchScreen.storyboard;
			sourceTree = "<group>";
		};
/* End PBXVariantGroup section */

/* Begin XCBuildConfiguration section */
		F40D4CA31E703177005568B0 /* Debug */ = {
			isa = XCBuildConfiguration;
			buildSettings = {
				ALWAYS_SEARCH_USER_PATHS = NO;
				CLANG_ANALYZER_NONNULL = YES;
				CLANG_ANALYZER_NUMBER_OBJECT_CONVERSION = YES_AGGRESSIVE;
				CLANG_CXX_LANGUAGE_STANDARD = "gnu++0x";
				CLANG_CXX_LIBRARY = "libc++";
				CLANG_ENABLE_MODULES = YES;
				CLANG_ENABLE_OBJC_ARC = YES;
				CLANG_WARN_BOOL_CONVERSION = YES;
				CLANG_WARN_CONSTANT_CONVERSION = YES;
				CLANG_WARN_DIRECT_OBJC_ISA_USAGE = YES_ERROR;
				CLANG_WARN_DOCUMENTATION_COMMENTS = YES;
				CLANG_WARN_EMPTY_BODY = YES;
				CLANG_WARN_ENUM_CONVERSION = YES;
				CLANG_WARN_INFINITE_RECURSION = YES;
				CLANG_WARN_INT_CONVERSION = YES;
				CLANG_WARN_OBJC_ROOT_CLASS = YES_ERROR;
				CLANG_WARN_SUSPICIOUS_MOVE = YES;
				CLANG_WARN_UNREACHABLE_CODE = YES;
				CLANG_WARN__DUPLICATE_METHOD_MATCH = YES;
				"CODE_SIGN_IDENTITY[sdk=iphoneos*]" = "iPhone Developer";
				COPY_PHASE_STRIP = NO;
				DEBUG_INFORMATION_FORMAT = dwarf;
				ENABLE_STRICT_OBJC_MSGSEND = YES;
				ENABLE_TESTABILITY = YES;
				GCC_C_LANGUAGE_STANDARD = gnu99;
				GCC_DYNAMIC_NO_PIC = NO;
				GCC_NO_COMMON_BLOCKS = YES;
				GCC_OPTIMIZATION_LEVEL = 0;
				GCC_PREPROCESSOR_DEFINITIONS = (
					"DEBUG=1",
					"$(inherited)",
				);
				GCC_WARN_64_TO_32_BIT_CONVERSION = YES;
				GCC_WARN_ABOUT_RETURN_TYPE = YES_ERROR;
				GCC_WARN_UNDECLARED_SELECTOR = YES;
				GCC_WARN_UNINITIALIZED_AUTOS = YES_AGGRESSIVE;
				GCC_WARN_UNUSED_FUNCTION = YES;
				GCC_WARN_UNUSED_VARIABLE = YES;
				IPHONEOS_DEPLOYMENT_TARGET = 10.3;
				MTL_ENABLE_DEBUG_INFO = YES;
				ONLY_ACTIVE_ARCH = YES;
				SDKROOT = iphoneos;
				TARGETED_DEVICE_FAMILY = "1,2";
			};
			name = Debug;
		};
		F40D4CA41E703177005568B0 /* Release */ = {
			isa = XCBuildConfiguration;
			buildSettings = {
				ALWAYS_SEARCH_USER_PATHS = NO;
				CLANG_ANALYZER_NONNULL = YES;
				CLANG_ANALYZER_NUMBER_OBJECT_CONVERSION = YES_AGGRESSIVE;
				CLANG_CXX_LANGUAGE_STANDARD = "gnu++0x";
				CLANG_CXX_LIBRARY = "libc++";
				CLANG_ENABLE_MODULES = YES;
				CLANG_ENABLE_OBJC_ARC = YES;
				CLANG_WARN_BOOL_CONVERSION = YES;
				CLANG_WARN_CONSTANT_CONVERSION = YES;
				CLANG_WARN_DIRECT_OBJC_ISA_USAGE = YES_ERROR;
				CLANG_WARN_DOCUMENTATION_COMMENTS = YES;
				CLANG_WARN_EMPTY_BODY = YES;
				CLANG_WARN_ENUM_CONVERSION = YES;
				CLANG_WARN_INFINITE_RECURSION = YES;
				CLANG_WARN_INT_CONVERSION = YES;
				CLANG_WARN_OBJC_ROOT_CLASS = YES_ERROR;
				CLANG_WARN_SUSPICIOUS_MOVE = YES;
				CLANG_WARN_UNREACHABLE_CODE = YES;
				CLANG_WARN__DUPLICATE_METHOD_MATCH = YES;
				"CODE_SIGN_IDENTITY[sdk=iphoneos*]" = "iPhone Developer";
				COPY_PHASE_STRIP = NO;
				DEBUG_INFORMATION_FORMAT = "dwarf-with-dsym";
				ENABLE_NS_ASSERTIONS = NO;
				ENABLE_STRICT_OBJC_MSGSEND = YES;
				GCC_C_LANGUAGE_STANDARD = gnu99;
				GCC_NO_COMMON_BLOCKS = YES;
				GCC_WARN_64_TO_32_BIT_CONVERSION = YES;
				GCC_WARN_ABOUT_RETURN_TYPE = YES_ERROR;
				GCC_WARN_UNDECLARED_SELECTOR = YES;
				GCC_WARN_UNINITIALIZED_AUTOS = YES_AGGRESSIVE;
				GCC_WARN_UNUSED_FUNCTION = YES;
				GCC_WARN_UNUSED_VARIABLE = YES;
				IPHONEOS_DEPLOYMENT_TARGET = 10.3;
				MTL_ENABLE_DEBUG_INFO = NO;
				SDKROOT = iphoneos;
				TARGETED_DEVICE_FAMILY = "1,2";
				VALIDATE_PRODUCT = YES;
			};
			name = Release;
		};
		F40D4CA61E703177005568B0 /* Debug */ = {
			isa = XCBuildConfiguration;
			buildSettings = {
				ASSETCATALOG_COMPILER_APPICON_NAME = AppIcon;
				INFOPLIST_FILE = Calculator/Info.plist;
				LD_RUNPATH_SEARCH_PATHS = "$(inherited) @executable_path/Frameworks";
				PRODUCT_BUNDLE_IDENTIFIER = edu.self.Calculator;
				PRODUCT_NAME = "$(TARGET_NAME)";
			};
			name = Debug;
		};
		F40D4CA71E703177005568B0 /* Release */ = {
			isa = XCBuildConfiguration;
			buildSettings = {
				ASSETCATALOG_COMPILER_APPICON_NAME = AppIcon;
				INFOPLIST_FILE = Calculator/Info.plist;
				LD_RUNPATH_SEARCH_PATHS = "$(inherited) @executable_path/Frameworks";
				PRODUCT_BUNDLE_IDENTIFIER = edu.self.Calculator;
				PRODUCT_NAME = "$(TARGET_NAME)";
			};
			name = Release;
		};
		F40D4CA91E703177005568B0 /* Debug */ = {
			isa = XCBuildConfiguration;
			buildSettings = {
				BUNDLE_LOADER = "$(TEST_HOST)";
				INFOPLIST_FILE = CalculatorTests/Info.plist;
				LD_RUNPATH_SEARCH_PATHS = "$(inherited) @executable_path/Frameworks @loader_path/Frameworks";
				PRODUCT_BUNDLE_IDENTIFIER = edu.self.CalculatorTests;
				PRODUCT_NAME = "$(TARGET_NAME)";
				TEST_HOST = "$(BUILT_PRODUCTS_DIR)/Calculator.app/Calculator";
			};
			name = Debug;
		};
		F40D4CAA1E703177005568B0 /* Release */ = {
			isa = XCBuildConfiguration;
			buildSettings = {
				BUNDLE_LOADER = "$(TEST_HOST)";
				INFOPLIST_FILE = CalculatorTests/Info.plist;
				LD_RUNPATH_SEARCH_PATHS = "$(inherited) @executable_path/Frameworks @loader_path/Frameworks";
				PRODUCT_BUNDLE_IDENTIFIER = edu.self.CalculatorTests;
				PRODUCT_NAME = "$(TARGET_NAME)";
				TEST_HOST = "$(BUILT_PRODUCTS_DIR)/Calculator.app/Calculator";
			};
			name = Release;
		};
		F40D4CAC1E703177005568B0 /* Debug */ = {
			isa = XCBuildConfiguration;
			buildSettings = {
				INFOPLIST_FILE = CalculatorUITests/Info.plist;
				LD_RUNPATH_SEARCH_PATHS = "$(inherited) @executable_path/Frameworks @loader_path/Frameworks";
				PRODUCT_BUNDLE_IDENTIFIER = edu.self.CalculatorUITests;
				PRODUCT_NAME = "$(TARGET_NAME)";
				TEST_TARGET_NAME = Calculator;
			};
			name = Debug;
		};
		F40D4CAD1E703177005568B0 /* Release */ = {
			isa = XCBuildConfiguration;
			buildSettings = {
				INFOPLIST_FILE = CalculatorUITests/Info.plist;
				LD_RUNPATH_SEARCH_PATHS = "$(inherited) @executable_path/Frameworks @loader_path/Frameworks";
				PRODUCT_BUNDLE_IDENTIFIER = edu.self.CalculatorUITests;
				PRODUCT_NAME = "$(TARGET_NAME)";
				TEST_TARGET_NAME = Calculator;
			};
			name = Release;
		};
/* End XCBuildConfiguration section */

/* Begin XCConfigurationList section */
		F40D4C731E703177005568B0 /* Build configuration list for PBXProject "Calculator" */ = {
			isa = XCConfigurationList;
			buildConfigurations = (
				F40D4CA31E703177005568B0 /* Debug */,
				F40D4CA41E703177005568B0 /* Release */,
			);
			defaultConfigurationIsVisible = 0;
			defaultConfigurationName = Release;
		};
		F40D4CA51E703177005568B0 /* Build configuration list for PBXNativeTarget "Calculator" */ = {
			isa = XCConfigurationList;
			buildConfigurations = (
				F40D4CA61E703177005568B0 /* Debug */,
				F40D4CA71E703177005568B0 /* Release */,
			);
			defaultConfigurationIsVisible = 0;
		};
		F40D4CA81E703177005568B0 /* Build configuration list for PBXNativeTarget "CalculatorTests" */ = {
			isa = XCConfigurationList;
			buildConfigurations = (
				F40D4CA91E703177005568B0 /* Debug */,
				F40D4CAA1E703177005568B0 /* Release */,
			);
			defaultConfigurationIsVisible = 0;
		};
		F40D4CAB1E703177005568B0 /* Build configuration list for PBXNativeTarget "CalculatorUITests" */ = {
			isa = XCConfigurationList;
			buildConfigurations = (
				F40D4CAC1E703177005568B0 /* Debug */,
				F40D4CAD1E703177005568B0 /* Release */,
			);
			defaultConfigurationIsVisible = 0;
		};
/* End XCConfigurationList section */
	};
	rootObject = F40D4C701E703177005568B0 /* Project object */;
}
